{
  "version": 4,
  "terraform_version": "0.12.17",
  "serial": 1086,
  "lineage": "ae323ab0-36df-354b-25ca-453bdb3f4e5f",
  "outputs": {},
  "resources": [
    {
      "mode": "managed",
      "type": "okta_app_oauth",
      "name": "oidcclient0oahk5h8usLt9thC40h7",
      "provider": "provider.okta",
      "instances": [
        {
          "schema_version": 0,
          "attributes": {
            "auto_key_rotation": true,
            "client_id": "0oa25iga2kp8h5Bxv357",
            "client_secret": "-1bjt2VE1iexDnErYb7dASIFZIeE4WcIVZvlI6eM",
            "client_uri": "",
            "consent_method": "",
            "grant_types": [
              "implicit"
            ],
            "groups": null,
            "id": "0oa25iga2kp8h5Bxv357",
            "issuer_mode": "ORG_URL",
            "label": "Angular",
            "login_uri": "",
            "logo_uri": "",
            "name": "oidc_client",
            "omit_secret": false,
            "policy_uri": "",
            "post_logout_redirect_uris": null,
            "redirect_uris": [
              "http://localhost:8080/implicit/callback"
            ],
            "response_types": [
              "id_token",
              "token"
            ],
            "sign_on_mode": "OPENID_CONNECT",
            "status": "ACTIVE",
            "token_endpoint_auth_method": "client_secret_basic",
            "tos_uri": "",
            "type": "browser",
            "users": []
          },
          "private": "bnVsbA=="
        }
      ]
    },
    {
      "mode": "managed",
      "type": "okta_app_oauth",
      "name": "oidcclient0oahn7669rkhBEMgb0h7",
      "provider": "provider.okta",
      "instances": [
        {
          "schema_version": 0,
          "attributes": {
            "auto_key_rotation": true,
            "client_id": "0oa25idy77YloOR62357",
            "client_secret": "vuvzdRr3q0G7UWKm9iQMCT1yjmrFo17_ywh_mzZl",
            "client_uri": "",
            "consent_method": "",
            "grant_types": [
              "authorization_code",
              "client_credentials",
              "implicit",
              "refresh_token"
            ],
            "groups": null,
            "id": "0oa25idy77YloOR62357",
            "issuer_mode": "ORG_URL",
            "label": ".Net",
            "login_uri": "",
            "logo_uri": "",
            "name": "oidc_client",
            "omit_secret": false,
            "policy_uri": "",
            "post_logout_redirect_uris": null,
            "redirect_uris": [
              "http://localhost:60611/authorization-code/callback"
            ],
            "response_types": [
              "code",
              "id_token",
              "token"
            ],
            "sign_on_mode": "OPENID_CONNECT",
            "status": "ACTIVE",
            "token_endpoint_auth_method": "client_secret_basic",
            "tos_uri": "",
            "type": "web",
            "users": []
          },
          "private": "bnVsbA=="
        }
      ]
    },
    {
      "mode": "managed",
      "type": "okta_group",
      "name": "ASI00goiog7q4ugHeVov0h7",
      "provider": "provider.okta",
      "instances": [
        {
          "schema_version": 0,
          "attributes": {
            "description": "",
            "id": "00g25idbo9caJuAaW357",
            "name": "ASI",
            "users": null
          }
        }
      ]
    },
    {
      "mode": "managed",
      "type": "okta_group",
      "name": "Everyone00ggub6xfbpsqzFd10h7",
      "provider": "provider.okta",
      "instances": [
        {
          "schema_version": 0,
          "attributes": {
            "description": "All users in your organization",
            "id": "00g25iicqgihcmL8d357",
            "name": "Everyone",
            "users": null
          }
        }
      ]
    },
    {
      "mode": "managed",
      "type": "okta_group",
      "name": "Groupwithnoapps00gihkywgqlTqYLZy0h7",
      "provider": "provider.okta",
      "instances": [
        {
          "schema_version": 0,
          "attributes": {
            "description": "",
            "id": "00g25id9nzJGu207s357",
            "name": "Group with no apps",
            "users": null
          }
        }
      ]
    },
    {
      "mode": "managed",
      "type": "okta_group",
      "name": "MajescoGroup00gllkp5dtRXzronk0h7",
      "provider": "provider.okta",
      "instances": [
        {
          "schema_version": 0,
          "attributes": {
            "description": "",
            "id": "00g25ibgwh5lR9OuE357",
            "name": "Majesco Group",
            "users": null
          }
        }
      ]
    },
    {
      "mode": "managed",
      "type": "okta_group",
      "name": "MissouriCompany00gnbjot20Lhf4Jf20h7",
      "provider": "provider.okta",
      "instances": [
        {
          "schema_version": 0,
          "attributes": {
            "description": "",
            "id": "00g25ieeapVVgbuFl357",
            "name": "Missouri Company",
            "users": null
          }
        }
      ]
    },
    {
      "mode": "managed",
      "type": "okta_group",
      "name": "SABCONE00gnvd1scgRvtZx8l0h7",
      "provider": "provider.okta",
      "instances": [
        {
          "schema_version": 0,
          "attributes": {
            "description": "",
            "id": "00g25ifnreEv9wFBB357",
            "name": "S37 ABC_ONE",
            "users": null
          }
        }
      ]
    },
    {
      "mode": "managed",
      "type": "okta_group",
      "name": "SelfServiceRegistered00gigoir76kL1kKVV0h7",
      "provider": "provider.okta",
      "instances": [
        {
          "schema_version": 0,
          "attributes": {
            "description": "Folks who self serve registered",
            "id": "00g25iebzmW4yNFUr357",
            "name": "Self Service Registered",
            "users": null
          }
        }
      ]
    },
    {
      "mode": "managed",
      "type": "okta_group",
      "name": "UCLA00gkcoyybqzTSe1iS0h7",
      "provider": "provider.okta",
      "instances": [
        {
          "schema_version": 0,
          "attributes": {
            "description": "",
            "id": "00g25idy6eOh3xjg5357",
            "name": "UCLA",
            "users": null
          }
        }
      ]
    },
    {
      "mode": "managed",
      "type": "okta_group",
      "name": "VIPMembers00gj08xn2lnI9suKX0h7",
      "provider": "provider.okta",
      "instances": [
        {
          "schema_version": 0,
          "attributes": {
            "description": "High Value/High Net Worth Members",
            "id": "00g25igkqtVqygUHS357",
            "name": "VIP Members",
            "users": null
          }
        }
      ]
    },
    {
      "mode": "managed",
      "type": "okta_group",
      "name": "aaaaa00gm8zkswh7CbsYPE0h7",
      "provider": "provider.okta",
      "instances": [
        {
          "schema_version": 0,
          "attributes": {
            "description": "",
            "id": "00g25igt7lhepv36X357",
            "name": "aaaaa",
            "users": null
          }
        }
      ]
    },
    {
      "mode": "managed",
      "type": "okta_group",
      "name": "aaaaafsgfs00gm8zlnrkYa9FAmE0h7",
      "provider": "provider.okta",
      "instances": [
        {
          "schema_version": 0,
          "attributes": {
            "description": "",
            "id": "00g25iba0hiA2iRXJ357",
            "name": "aaaaafsgfs",
            "users": null
          }
        }
      ]
    },
    {
      "mode": "managed",
      "type": "okta_group",
      "name": "accenture00gnzu000hVJOi0fi0h7",
      "provider": "provider.okta",
      "instances": [
        {
          "schema_version": 0,
          "attributes": {
            "description": "accenture",
            "id": "00g25igvhqKBqEk5t357",
            "name": "accenture",
            "users": null
          }
        }
      ]
    },
    {
      "mode": "managed",
      "type": "okta_group",
      "name": "airbnb00goalmztguf5ZXfC0h7",
      "provider": "provider.okta",
      "instances": [
        {
          "schema_version": 0,
          "attributes": {
            "description": "airbnb",
            "id": "00g25icnc5WbdG4jQ357",
            "name": "airbnb",
            "users": null
          }
        }
      ]
    },
    {
      "mode": "managed",
      "type": "okta_group",
      "name": "alaskaair00go13ynkfUq1cCFK0h7",
      "provider": "provider.okta",
      "instances": [
        {
          "schema_version": 0,
          "attributes": {
            "description": "alaskaair",
            "id": "00g25idy6gVpYcAM7357",
            "name": "alaskaair",
            "users": null
          }
        }
      ]
    },
    {
      "mode": "managed",
      "type": "okta_group",
      "name": "alexavbtest00gm8zzkus43TMVKe0h7",
      "provider": "provider.okta",
      "instances": [
        {
          "schema_version": 0,
          "attributes": {
            "description": "",
            "id": "00g25idfo5J70b8ML357",
            "name": "alexavbtest",
            "users": null
          }
        }
      ]
    },
    {
      "mode": "managed",
      "type": "okta_group",
      "name": "alexavbtestsdiodfshio00gm901ilkh2U1aw90h7",
      "provider": "provider.okta",
      "instances": [
        {
          "schema_version": 0,
          "attributes": {
            "description": "",
            "id": "00g25icuuih2z5IoR357",
            "name": "alexavbtestsdiodfshio",
            "users": null
          }
        }
      ]
    },
    {
      "mode": "managed",
      "type": "okta_group",
      "name": "alexavbtestsdiodfshiodfdfs00gm9038beYCORKt40h7",
      "provider": "provider.okta",
      "instances": [
        {
          "schema_version": 0,
          "attributes": {
            "description": "",
            "id": "00g25idb7bjktc5RY357",
            "name": "alexavbtestsdiodfshiodfdfs",
            "users": null
          }
        }
      ]
    },
    {
      "mode": "managed",
      "type": "okta_group",
      "name": "alextestgroup00gm8yfgm5BqnIDDU0h7",
      "provider": "provider.okta",
      "instances": [
        {
          "schema_version": 0,
          "attributes": {
            "description": "",
            "id": "00g25ichq3x3KsaOZ357",
            "name": "alextestgroup",
            "users": null
          }
        }
      ]
    },
    {
      "mode": "managed",
      "type": "okta_group",
      "name": "amazon00gnzs64crbg9cDm80h7",
      "provider": "provider.okta",
      "instances": [
        {
          "schema_version": 0,
          "attributes": {
            "description": "amazon",
            "id": "00g25ieeao4dMhRWz357",
            "name": "amazon",
            "users": null
          }
        }
      ]
    },
    {
      "mode": "managed",
      "type": "okta_group",
      "name": "amazono00gnzrx8j2Ycgu03E0h7",
      "provider": "provider.okta",
      "instances": [
        {
          "schema_version": 0,
          "attributes": {
            "description": "amazono",
            "id": "00g25id9o5GQyL0oJ357",
            "name": "amazono",
            "users": null
          }
        }
      ]
    },
    {
      "mode": "managed",
      "type": "okta_group",
      "name": "angular00gns7388bg6sigqE0h7",
      "provider": "provider.okta",
      "instances": [
        {
          "schema_version": 0,
          "attributes": {
            "description": "",
            "id": "00g25idhartQqzweE357",
            "name": "angular",
            "users": null
          }
        }
      ]
    },
    {
      "mode": "managed",
      "type": "okta_group",
      "name": "avbistestingthis00gm8zl4n3a5aQp3K0h7",
      "provider": "provider.okta",
      "instances": [
        {
          "schema_version": 0,
          "attributes": {
            "description": "",
            "id": "00g25if4fy0CzXf3l357",
            "name": "avbistestingthis",
            "users": null
          }
        }
      ]
    },
    {
      "mode": "managed",
      "type": "okta_group",
      "name": "awesomeplace00gnzsdu8cJDSIpWm0h7",
      "provider": "provider.okta",
      "instances": [
        {
          "schema_version": 0,
          "attributes": {
            "description": "awesomeplace",
            "id": "00g25idb7aIAUSdan357",
            "name": "awesomeplace",
            "users": null
          }
        }
      ]
    },
    {
      "mode": "managed",
      "type": "okta_group",
      "name": "blah00gnzrtl0w0062EE90h7",
      "provider": "provider.okta",
      "instances": [
        {
          "schema_version": 0,
          "attributes": {
            "description": "blah",
            "id": "00g25igvhp6oL1Su7357",
            "name": "blah",
            "users": null
          }
        }
      ]
    },
    {
      "mode": "managed",
      "type": "okta_group",
      "name": "broker00gi3ankjkBHpVs3y0h7",
      "provider": "provider.okta",
      "instances": [
        {
          "schema_version": 0,
          "attributes": {
            "description": "",
            "id": "00g25ic2juDOzsHPp357",
            "name": "broker",
            "users": null
          }
        }
      ]
    },
    {
      "mode": "managed",
      "type": "okta_group",
      "name": "carta00goafmgcn4V0CDYb0h7",
      "provider": "provider.okta",
      "instances": [
        {
          "schema_version": 0,
          "attributes": {
            "description": "carta",
            "id": "00g25ieuirOkZnDc7357",
            "name": "carta",
            "users": null
          }
        }
      ]
    },
    {
      "mode": "managed",
      "type": "okta_group",
      "name": "cengage00goc5y39iFtL699Y0h7",
      "provider": "provider.okta",
      "instances": [
        {
          "schema_version": 0,
          "attributes": {
            "description": "cengage",
            "id": "00g25if3ppYuLuFAn357",
            "name": "cengage",
            "users": null
          }
        }
      ]
    },
    {
      "mode": "managed",
      "type": "okta_group",
      "name": "channelpartnerone00gonjqe9kgcu7mET0h7",
      "provider": "provider.okta",
      "instances": [
        {
          "schema_version": 0,
          "attributes": {
            "description": "",
            "id": "00g25ifgwnju0hXD8357",
            "name": "channel partner one",
            "users": null
          }
        }
      ]
    },
    {
      "mode": "managed",
      "type": "okta_group",
      "name": "cheeseit00gnztlfcdLlaXyNA0h7",
      "provider": "provider.okta",
      "instances": [
        {
          "schema_version": 0,
          "attributes": {
            "description": "cheeseit",
            "id": "00g25idhaqA9hYubb357",
            "name": "cheeseit",
            "users": null
          }
        }
      ]
    },
    {
      "mode": "managed",
      "type": "okta_group",
      "name": "coderedgroup00go2ojos0U95qd4A0h7",
      "provider": "provider.okta",
      "instances": [
        {
          "schema_version": 0,
          "attributes": {
            "description": "",
            "id": "00g25icot3IvOwhvl357",
            "name": "code red group",
            "users": null
          }
        }
      ]
    },
    {
      "mode": "managed",
      "type": "okta_group",
      "name": "customerxgroup00gkc8lygqSV7fGoh0h7",
      "provider": "provider.okta",
      "instances": [
        {
          "schema_version": 0,
          "attributes": {
            "description": "",
            "id": "00g25ic2jwxr7qJOn357",
            "name": "customer x group",
            "users": null
          }
        }
      ]
    },
    {
      "mode": "managed",
      "type": "okta_group",
      "name": "customerxservicenow00gomd4auyTQW1cAj0h7",
      "provider": "provider.okta",
      "instances": [
        {
          "schema_version": 0,
          "attributes": {
            "description": "",
            "id": "00g25icr2ag0Kegal357",
            "name": "customer x service now",
            "users": null
          }
        }
      ]
    },
    {
      "mode": "managed",
      "type": "okta_group",
      "name": "customeryservicenow00gomdfkpfXiKDC6D0h7",
      "provider": "provider.okta",
      "instances": [
        {
          "schema_version": 0,
          "attributes": {
            "description": "",
            "id": "00g25ihqhy4FtEbqm357",
            "name": "customer y service now",
            "users": null
          }
        }
      ]
    },
    {
      "mode": "managed",
      "type": "okta_group",
      "name": "dfsdfd00gm8zvluycdKzcl40h7",
      "provider": "provider.okta",
      "instances": [
        {
          "schema_version": 0,
          "attributes": {
            "description": "",
            "id": "00g25igjywokgLJx3357",
            "name": "dfsdfd",
            "users": null
          }
        }
      ]
    },
    {
      "mode": "managed",
      "type": "okta_group",
      "name": "docker00goaitn3vzRZqGJ50h7",
      "provider": "provider.okta",
      "instances": [
        {
          "schema_version": 0,
          "attributes": {
            "description": "docker",
            "id": "00g25iigv5sDuLsGl357",
            "name": "docker",
            "users": null
          }
        }
      ]
    },
    {
      "mode": "managed",
      "type": "okta_group",
      "name": "github00gnzthi3eiJ0YYYU0h7",
      "provider": "provider.okta",
      "instances": [
        {
          "schema_version": 0,
          "attributes": {
            "description": "github",
            "id": "00g25idfo4PSWbMtw357",
            "name": "github",
            "users": null
          }
        }
      ]
    },
    {
      "mode": "managed",
      "type": "okta_group",
      "name": "groupx00gk43pdjnT3LRt7u0h7",
      "provider": "provider.okta",
      "instances": [
        {
          "schema_version": 0,
          "attributes": {
            "description": "",
            "id": "00g25idbo7x1ycMIf357",
            "name": "group x",
            "users": null
          }
        }
      ]
    },
    {
      "mode": "managed",
      "type": "okta_group",
      "name": "gusto00gnzr3xv4M3Ox50q0h7",
      "provider": "provider.okta",
      "instances": [
        {
          "schema_version": 0,
          "attributes": {
            "description": "gusto",
            "id": "00g25iba0gnX41bQz357",
            "name": "gusto",
            "users": null
          }
        }
      ]
    },
    {
      "mode": "managed",
      "type": "okta_group",
      "name": "heyaheaya00gm8zw53cTY12T530h7",
      "provider": "provider.okta",
      "instances": [
        {
          "schema_version": 0,
          "attributes": {
            "description": "",
            "id": "00g25id9o1yGFep1t357",
            "name": "heya heaya",
            "users": null
          }
        }
      ]
    },
    {
      "mode": "managed",
      "type": "okta_group",
      "name": "ishares00goajedvsDbhVh0x0h7",
      "provider": "provider.okta",
      "instances": [
        {
          "schema_version": 0,
          "attributes": {
            "description": "ishares",
            "id": "00g25ihr4xSLUEE5X357",
            "name": "ishares",
            "users": null
          }
        }
      ]
    },
    {
      "mode": "managed",
      "type": "okta_group",
      "name": "jefuiofehuisehfbiueh00goaj2fklNqbkh8n0h7",
      "provider": "provider.okta",
      "instances": [
        {
          "schema_version": 0,
          "attributes": {
            "description": "jefuiofehuisehfbiueh",
            "id": "00g25iitnwZxIpZGW357",
            "name": "jefuiofehuisehfbiueh",
            "users": null
          }
        }
      ]
    },
    {
      "mode": "managed",
      "type": "okta_group",
      "name": "justme00gibd05a2MidRrih0h7",
      "provider": "provider.okta",
      "instances": [
        {
          "schema_version": 0,
          "attributes": {
            "description": "",
            "id": "00g25icbsjkCpwSk8357",
            "name": "justme",
            "users": null
          }
        }
      ]
    },
    {
      "mode": "managed",
      "type": "okta_group",
      "name": "kaiser00gomk70f1Qj9rNyP0h7",
      "provider": "provider.okta",
      "instances": [
        {
          "schema_version": 0,
          "attributes": {
            "description": "",
            "id": "00g25iebzkhXMHncs357",
            "name": "kaiser",
            "users": null
          }
        }
      ]
    },
    {
      "mode": "managed",
      "type": "okta_group",
      "name": "mangolime00goaitn9gi2gnBVQ0h7",
      "provider": "provider.okta",
      "instances": [
        {
          "schema_version": 0,
          "attributes": {
            "description": "mangolime",
            "id": "00g25ihr4z2NSUj7Y357",
            "name": "mangolime",
            "users": null
          }
        }
      ]
    },
    {
      "mode": "managed",
      "type": "okta_group",
      "name": "mangolimeaaa00goaih5zlZWjsWQr0h7",
      "provider": "provider.okta",
      "instances": [
        {
          "schema_version": 0,
          "attributes": {
            "description": "mangolimeaaa",
            "id": "00g25iga1zRcj5giq357",
            "name": "mangolimeaaa",
            "users": null
          }
        }
      ]
    },
    {
      "mode": "managed",
      "type": "okta_group",
      "name": "mangolimeaaadshiusfdiurs00goajh79tlUHhIhI0h7",
      "provider": "provider.okta",
      "instances": [
        {
          "schema_version": 0,
          "attributes": {
            "description": "mangolimeaaadshiusfdiurs",
            "id": "00g25ihbqavsXl8bX357",
            "name": "mangolimeaaadshiusfdiurs",
            "users": null
          }
        }
      ]
    },
    {
      "mode": "managed",
      "type": "okta_group",
      "name": "mangolimeaaadshiusfdiursfseggrgdfhdrhhrddrdgrhdhhd00goaizgf0VrDhB0f0h7",
      "provider": "provider.okta",
      "instances": [
        {
          "schema_version": 0,
          "attributes": {
            "description": "mangolimeaaadshiusfdiursfseggrgdfhdrhhrddrdgrhdhhd",
            "id": "00g25ieuiptNWvA12357",
            "name": "mangolimeaaadshiusfdiursfseggrgdfhdrhhrddrdgrhdhhd",
            "users": null
          }
        }
      ]
    },
    {
      "mode": "managed",
      "type": "okta_group",
      "name": "microsoft00gnzq59uybZR5bVT0h7",
      "provider": "provider.okta",
      "instances": [
        {
          "schema_version": 0,
          "attributes": {
            "description": "microsoft",
            "id": "00g25idy6f8HeVX3j357",
            "name": "microsoft",
            "users": null
          }
        }
      ]
    },
    {
      "mode": "managed",
      "type": "okta_group",
      "name": "nintendo00gnztsnhzMDZ0Idb0h7",
      "provider": "provider.okta",
      "instances": [
        {
          "schema_version": 0,
          "attributes": {
            "description": "nintendo",
            "id": "00g25ifnrf6Boe01y357",
            "name": "nintendo",
            "users": null
          }
        }
      ]
    },
    {
      "mode": "managed",
      "type": "okta_group",
      "name": "okta00gnztfu64rLPlsuS0h7",
      "provider": "provider.okta",
      "instances": [
        {
          "schema_version": 0,
          "attributes": {
            "description": "okta",
            "id": "00g25idb7eHyaD508357",
            "name": "okta",
            "users": null
          }
        }
      ]
    },
    {
      "mode": "managed",
      "type": "okta_group",
      "name": "oktap00gnzt45kzin7teDg0h7",
      "provider": "provider.okta",
      "instances": [
        {
          "schema_version": 0,
          "attributes": {
            "description": "oktap",
            "id": "00g25iil7k9SgWfjO357",
            "name": "oktap",
            "users": null
          }
        }
      ]
    },
    {
      "mode": "managed",
      "type": "okta_group",
      "name": "ondotapplicationgroup00gonjvbyt8KjKsOr0h7",
      "provider": "provider.okta",
      "instances": [
        {
          "schema_version": 0,
          "attributes": {
            "description": "",
            "id": "00g25ic2jvaUK3W7c357",
            "name": "ondot application group",
            "users": null
          }
        }
      ]
    },
    {
      "mode": "managed",
      "type": "okta_group",
      "name": "ondotenduserapplication00gonjvmt8gkbFwEh0h7",
      "provider": "provider.okta",
      "instances": [
        {
          "schema_version": 0,
          "attributes": {
            "description": "",
            "id": "00g25igkqvtMdnhS3357",
            "name": "ondot end user application",
            "users": null
          }
        }
      ]
    },
    {
      "mode": "managed",
      "type": "okta_group",
      "name": "oracle00gnzrt0o2xpJVVX40h7",
      "provider": "provider.okta",
      "instances": [
        {
          "schema_version": 0,
          "attributes": {
            "description": "oracle",
            "id": "00g25ifgwlq6qdIfo357",
            "name": "oracle",
            "users": null
          }
        }
      ]
    },
    {
      "mode": "managed",
      "type": "okta_group",
      "name": "oracletwo00gnzrtkf9iM1jzpl0h7",
      "provider": "provider.okta",
      "instances": [
        {
          "schema_version": 0,
          "attributes": {
            "description": "oracletwo",
            "id": "00g25igjz47l2zsuE357",
            "name": "oracletwo",
            "users": null
          }
        }
      ]
    },
    {
      "mode": "managed",
      "type": "okta_group",
      "name": "passwordgroup00gkt8ktw4ALYpmaP0h7",
      "provider": "provider.okta",
      "instances": [
        {
          "schema_version": 0,
          "attributes": {
            "description": "",
            "id": "00g25ihvpwsKqPAaa357",
            "name": "password group",
            "users": null
          }
        }
      ]
    },
    {
      "mode": "managed",
      "type": "okta_group",
      "name": "pepsi00gnztrjz76kh1VL10h7",
      "provider": "provider.okta",
      "instances": [
        {
          "schema_version": 0,
          "attributes": {
            "description": "pepsi",
            "id": "00g25ihqhwf0tSnUA357",
            "name": "pepsi",
            "users": null
          }
        }
      ]
    },
    {
      "mode": "managed",
      "type": "okta_group",
      "name": "pinusers00gmybtcviI1nrOXJ0h7",
      "provider": "provider.okta",
      "instances": [
        {
          "schema_version": 0,
          "attributes": {
            "description": "",
            "id": "00g25igvhrNzyvTsZ357",
            "name": "pin users",
            "users": null
          }
        }
      ]
    },
    {
      "mode": "managed",
      "type": "okta_group",
      "name": "pollardco00goaj8klrUMjup9z0h7",
      "provider": "provider.okta",
      "instances": [
        {
          "schema_version": 0,
          "attributes": {
            "description": "pollardco",
            "id": "00g25ic42zEHrOam9357",
            "name": "pollardco",
            "users": null
          }
        }
      ]
    },
    {
      "mode": "managed",
      "type": "okta_group",
      "name": "processorone00gonjqhxvK4cq5400h7",
      "provider": "provider.okta",
      "instances": [
        {
          "schema_version": 0,
          "attributes": {
            "description": "",
            "id": "00g25icr2eL5fwOE9357",
            "name": "processor one",
            "users": null
          }
        }
      ]
    },
    {
      "mode": "managed",
      "type": "okta_group",
      "name": "redbull00gnztdjfx2wC3iEq0h7",
      "provider": "provider.okta",
      "instances": [
        {
          "schema_version": 0,
          "attributes": {
            "description": "redbull",
            "id": "00g25ichq4x3MbefV357",
            "name": "redbull",
            "users": null
          }
        }
      ]
    },
    {
      "mode": "managed",
      "type": "okta_group",
      "name": "rolesadmin00gonjrxg5DkcA1ZQ0h7",
      "provider": "provider.okta",
      "instances": [
        {
          "schema_version": 0,
          "attributes": {
            "description": "",
            "id": "00g25igt7jqwCf43q357",
            "name": "roles::admin",
            "users": null
          }
        }
      ]
    },
    {
      "mode": "managed",
      "type": "okta_group",
      "name": "rolesqa00gonjqmo6ou5DOxo0h7",
      "provider": "provider.okta",
      "instances": [
        {
          "schema_version": 0,
          "attributes": {
            "description": "",
            "id": "00g25idb7cwRYYvrG357",
            "name": "roles::qa",
            "users": null
          }
        }
      ]
    },
    {
      "mode": "managed",
      "type": "okta_group",
      "name": "rolessupport00gonjs2xhEAz4XvG0h7",
      "provider": "provider.okta",
      "instances": [
        {
          "schema_version": 0,
          "attributes": {
            "description": "",
            "id": "00g25idtspaNsFyZk357",
            "name": "roles::support",
            "users": null
          }
        }
      ]
    },
    {
      "mode": "managed",
      "type": "okta_group",
      "name": "slack00gn9hp9x2VmJCZk20h7",
      "provider": "provider.okta",
      "instances": [
        {
          "schema_version": 0,
          "attributes": {
            "description": "",
            "id": "00g25igkquPQFcFaf357",
            "name": "slack",
            "users": null
          }
        }
      ]
    },
    {
      "mode": "managed",
      "type": "okta_group",
      "name": "slacka00gnztmwn3o5ZKM0M0h7",
      "provider": "provider.okta",
      "instances": [
        {
          "schema_version": 0,
          "attributes": {
            "description": "slacka",
            "id": "00g25ihvq6e0Tj6Tq357",
            "name": "slacka",
            "users": null
          }
        }
      ]
    },
    {
      "mode": "managed",
      "type": "okta_group",
      "name": "solarsystemusersmoonsautogen00gnhcc6a1DZeHeUS0h7",
      "provider": "provider.okta",
      "instances": [
        {
          "schema_version": 0,
          "attributes": {
            "description": "Solar system users with read access to /moons",
            "id": "00g25ihbqbXAri8x1357",
            "name": "solar_system_users_moons autogen20190917-1628",
            "users": null
          }
        }
      ]
    },
    {
      "mode": "managed",
      "type": "okta_group",
      "name": "solarsystemusersplanetsautogen00gnhcce5zJ7U5F5A0h7",
      "provider": "provider.okta",
      "instances": [
        {
          "schema_version": 0,
          "attributes": {
            "description": "Solar system users with read access to /planets",
            "id": "00g25icuujDNKKZ4h357",
            "name": "solar_system_users_planets autogen20190917-1628",
            "users": null
          }
        }
      ]
    },
    {
      "mode": "managed",
      "type": "okta_group",
      "name": "spacex00gnzshgddFpmCtb70h7",
      "provider": "provider.okta",
      "instances": [
        {
          "schema_version": 0,
          "attributes": {
            "description": "spacex",
            "id": "00g25if6g5jtmVIHM357",
            "name": "spacex",
            "users": null
          }
        }
      ]
    },
    {
      "mode": "managed",
      "type": "okta_group",
      "name": "spaghetti00gnzshgrvivl9ON10h7",
      "provider": "provider.okta",
      "instances": [
        {
          "schema_version": 0,
          "attributes": {
            "description": "spaghetti",
            "id": "00g25iicqf5QyCADW357",
            "name": "spaghetti",
            "users": null
          }
        }
      ]
    },
    {
      "mode": "managed",
      "type": "okta_group",
      "name": "spaghtetti00goaii37gJ7onOO30h7",
      "provider": "provider.okta",
      "instances": [
        {
          "schema_version": 0,
          "attributes": {
            "description": "spaghtetti",
            "id": "00g25ieeanFPmIOtl357",
            "name": "spaghtetti",
            "users": null
          }
        }
      ]
    },
    {
      "mode": "managed",
      "type": "okta_group",
      "name": "spotify00goald49uzG4z8WA0h7",
      "provider": "provider.okta",
      "instances": [
        {
          "schema_version": 0,
          "attributes": {
            "description": "spotify",
            "id": "00g25iebzlFIwZyvs357",
            "name": "spotify",
            "users": null
          }
        }
      ]
    },
    {
      "mode": "managed",
      "type": "okta_group",
      "name": "sprite00goajb3rjH2RhJh80h7",
      "provider": "provider.okta",
      "instances": [
        {
          "schema_version": 0,
          "attributes": {
            "description": "sprite",
            "id": "00g25idltcKyhoSPJ357",
            "name": "sprite",
            "users": null
          }
        }
      ]
    },
    {
      "mode": "managed",
      "type": "okta_group",
      "name": "starbucks00glo95d2eDLgTak40h7",
      "provider": "provider.okta",
      "instances": [
        {
          "schema_version": 0,
          "attributes": {
            "description": "",
            "id": "00g25iczlw5tQESEl357",
            "name": "starbucks",
            "users": null
          }
        }
      ]
    },
    {
      "mode": "managed",
      "type": "okta_group",
      "name": "strong00goaj2k8z7mPaNWv0h7",
      "provider": "provider.okta",
      "instances": [
        {
          "schema_version": 0,
          "attributes": {
            "description": "strong",
            "id": "00g25idfo6ZDyTxcr357",
            "name": "strong",
            "users": null
          }
        }
      ]
    },
    {
      "mode": "managed",
      "type": "okta_group",
      "name": "strongxyz00goajjmh5V6ft0DF0h7",
      "provider": "provider.okta",
      "instances": [
        {
          "schema_version": 0,
          "attributes": {
            "description": "strongxyz",
            "id": "00g25igt7ih8OmyTh357",
            "name": "strongxyz",
            "users": null
          }
        }
      ]
    },
    {
      "mode": "managed",
      "type": "okta_group",
      "name": "test00gm8yh7x1h3G7MEm0h7",
      "provider": "provider.okta",
      "instances": [
        {
          "schema_version": 0,
          "attributes": {
            "description": "",
            "id": "00g25igkqwv48JIxt357",
            "name": "test",
            "users": null
          }
        }
      ]
    },
    {
      "mode": "managed",
      "type": "okta_group",
      "name": "testaaa00gm8zhhwohnKajE00h7",
      "provider": "provider.okta",
      "instances": [
        {
          "schema_version": 0,
          "attributes": {
            "description": "",
            "id": "00g25ichq1pfij74f357",
            "name": "testaaa",
            "users": null
          }
        }
      ]
    },
    {
      "mode": "managed",
      "type": "okta_group",
      "name": "testaaaaaa00gm8zidcrId6jUpd0h7",
      "provider": "provider.okta",
      "instances": [
        {
          "schema_version": 0,
          "attributes": {
            "description": "",
            "id": "00g25igkqxszvTZ3x357",
            "name": "testaaaaaa",
            "users": null
          }
        }
      ]
    },
    {
      "mode": "managed",
      "type": "okta_group",
      "name": "testing00gm8ymrc1o6RY0WG0h7",
      "provider": "provider.okta",
      "instances": [
        {
          "schema_version": 0,
          "attributes": {
            "description": "",
            "id": "00g25ic42yjVqWEsj357",
            "name": "testing",
            "users": null
          }
        }
      ]
    },
    {
      "mode": "managed",
      "type": "okta_group",
      "name": "testingaaa00gm8yn9oo8fy4Xsh0h7",
      "provider": "provider.okta",
      "instances": [
        {
          "schema_version": 0,
          "attributes": {
            "description": "",
            "id": "00g25ieuioytMZsnp357",
            "name": "testingaaa",
            "users": null
          }
        }
      ]
    },
    {
      "mode": "managed",
      "type": "okta_group",
      "name": "tmobile00goajdt74zbRnCyR0h7",
      "provider": "provider.okta",
      "instances": [
        {
          "schema_version": 0,
          "attributes": {
            "description": "tmobile",
            "id": "00g25ifnrdFWGEImo357",
            "name": "tmobile",
            "users": null
          }
        }
      ]
    },
    {
      "mode": "managed",
      "type": "okta_group",
      "name": "twitch00go2ooid4omg15XQ0h7",
      "provider": "provider.okta",
      "instances": [
        {
          "schema_version": 0,
          "attributes": {
            "description": "twitch",
            "id": "00g25icbshQDfXXdV357",
            "name": "twitch",
            "users": null
          }
        }
      ]
    },
    {
      "mode": "managed",
      "type": "okta_group",
      "name": "usersToBeRemoved00gnlj373gqKbnQHO0h7",
      "provider": "provider.okta",
      "instances": [
        {
          "schema_version": 0,
          "attributes": {
            "description": "",
            "id": "00g25idtsrkzTJdPC357",
            "name": "usersToBeRemoved",
            "users": null
          }
        }
      ]
    },
    {
      "mode": "managed",
      "type": "okta_group",
      "name": "vdssdfdgdsgds00gm8zlbjtDWXC6tE0h7",
      "provider": "provider.okta",
      "instances": [
        {
          "schema_version": 0,
          "attributes": {
            "description": "",
            "id": "00g25idltb9w2hOdm357",
            "name": "vdssdfdgdsgds",
            "users": null
          }
        }
      ]
    },
    {
      "mode": "managed",
      "type": "okta_group",
      "name": "verifiedusers00gnr292deaqzraua0h7",
      "provider": "provider.okta",
      "instances": [
        {
          "schema_version": 0,
          "attributes": {
            "description": "",
            "id": "00g25igjyv9L1VNO7357",
            "name": "verified users",
            "users": null
          }
        }
      ]
    },
    {
      "mode": "managed",
      "type": "okta_group",
      "name": "wework00go5enysnq0lfvet0h7",
      "provider": "provider.okta",
      "instances": [
        {
          "schema_version": 0,
          "attributes": {
            "description": "wework",
            "id": "00g25ihqhzVCoVLs8357",
            "name": "wework",
            "users": null
          }
        }
      ]
    },
    {
      "mode": "managed",
      "type": "okta_group",
      "name": "yeaaaah00gm8zl1imsd61bZH0h7",
      "provider": "provider.okta",
      "instances": [
        {
          "schema_version": 0,
          "attributes": {
            "description": "",
            "id": "00g25idbo8MKhdEiV357",
            "name": "yeaaaah",
            "users": null
          }
        }
      ]
    },
    {
      "mode": "managed",
      "type": "okta_group",
      "name": "yeaaaahaa00gm8zlivaEn94jXs0h7",
      "provider": "provider.okta",
      "instances": [
        {
          "schema_version": 0,
          "attributes": {
            "description": "",
            "id": "00g25iigv6L11HIZF357",
            "name": "yeaaaahaa",
            "users": null
          }
        }
      ]
    },
    {
      "mode": "managed",
      "type": "okta_group",
      "name": "yeah00gnztd57dSoOtnCu0h7",
      "provider": "provider.okta",
      "instances": [
        {
          "schema_version": 0,
          "attributes": {
            "description": "yeah",
            "id": "00g25ieuiqVGy4UnP357",
            "name": "yeah",
            "users": null
          }
        }
      ]
    },
    {
      "mode": "managed",
      "type": "okta_group",
      "name": "zesto00gnzrqwiqdixDWZP0h7",
      "provider": "provider.okta",
      "instances": [
        {
          "schema_version": 0,
          "attributes": {
            "description": "zesto",
            "id": "00g25icuuh1qfC33F357",
            "name": "zesto",
            "users": null
          }
        }
      ]
    },
    {
      "mode": "managed",
      "type": "okta_group",
      "name": "zestoaa00gnzs7vwkpUjNQXy0h7",
      "provider": "provider.okta",
      "instances": [
        {
          "schema_version": 0,
          "attributes": {
            "description": "zestoaa",
            "id": "00g25idb7d313vvns357",
            "name": "zestoaa",
            "users": null
          }
        }
      ]
    },
    {
      "mode": "managed",
      "type": "okta_group",
      "name": "zoominfo00goafnbd6KLkMqsH0h7",
      "provider": "provider.okta",
      "instances": [
        {
          "schema_version": 0,
          "attributes": {
            "description": "zoominfo",
            "id": "00g25icnc443BP6Zc357",
            "name": "zoominfo",
            "users": null
          }
        }
      ]
    }
  ]
}
